
Microsoft Visual Studio Solution File, Format Version 12.00
# Visual Studio 15
Project("{8BC9CEB8-8B4A-11D0-8D11-00A0C91BC942}") = "Compiler", "Compiler\Compiler.vcxproj", "{40CAD6B7-2C97-31C3-55B0-1F6B41DC6651}"
EndProject
Project("{8BC9CEB8-8B4A-11D0-8D11-00A0C91BC942}") = "Interpreter", "Interpreter\Interpreter.vcxproj", "{D91FB902-45D5-31F8-CEC9-2BCF3A7E28FC}"
EndProject
Project("{8BC9CEB8-8B4A-11D0-8D11-00A0C91BC942}") = "Tests", "Tests\Tests.vcxproj", "{5865280E-C479-50BF-8DFB-F31EF9CE4CF0}"
EndProject
Global
	GlobalSection(SolutionConfigurationPlatforms) = preSolution
		Debug|Win32 = Debug|Win32
		Release|Win32 = Release|Win32
	EndGlobalSection
	GlobalSection(ProjectConfigurationPlatforms) = postSolution
		{40CAD6B7-2C97-31C3-55B0-1F6B41DC6651}.Debug|Win32.ActiveCfg = Debug|Win32
		{40CAD6B7-2C97-31C3-55B0-1F6B41DC6651}.Debug|Win32.Build.0 = Debug|Win32
		{40CAD6B7-2C97-31C3-55B0-1F6B41DC6651}.Release|Win32.ActiveCfg = Release|Win32
		{40CAD6B7-2C97-31C3-55B0-1F6B41DC6651}.Release|Win32.Build.0 = Release|Win32
		{D91FB902-45D5-31F8-CEC9-2BCF3A7E28FC}.Debug|Win32.ActiveCfg = Debug|Win32
		{D91FB902-45D5-31F8-CEC9-2BCF3A7E28FC}.Debug|Win32.Build.0 = Debug|Win32
		{D91FB902-45D5-31F8-CEC9-2BCF3A7E28FC}.Release|Win32.ActiveCfg = Release|Win32
		{D91FB902-45D5-31F8-CEC9-2BCF3A7E28FC}.Release|Win32.Build.0 = Release|Win32
		{5865280E-C479-50BF-8DFB-F31EF9CE4CF0}.Debug|Win32.ActiveCfg = Debug|Win32
		{5865280E-C479-50BF-8DFB-F31EF9CE4CF0}.Debug|Win32.Build.0 = Debug|Win32
		{5865280E-C479-50BF-8DFB-F31EF9CE4CF0}.Release|Win32.ActiveCfg = Release|Win32
		{5865280E-C479-50BF-8DFB-F31EF9CE4CF0}.Release|Win32.Build.0 = Release|Win32
	EndGlobalSection
	GlobalSection(SolutionProperties) = preSolution
		HideSolutionNode = FALSE
	EndGlobalSection
EndGlobal
