<?xml version="1.0" encoding="utf-8"?>
<Project ToolsVersion="4.0" xmlns="http://schemas.microsoft.com/developer/msbuild/2003">
  <ItemGroup>
    <Filter Include="Vendor">
      <UniqueIdentifier>{935FDCD7-7F01-07AE-68BC-1A0254FD8DFE}</UniqueIdentifier>
    </Filter>
    <Filter Include="Vendor\googletest">
      <UniqueIdentifier>{3F2F882C-AB45-86C2-F4BC-11E46012574A}</UniqueIdentifier>
    </Filter>
    <Filter Include="Vendor\googletest\googletest">
      <UniqueIdentifier>{6B5B570C-5716-47B8-00CE-BF02EC679148}</UniqueIdentifier>
    </Filter>
    <Filter Include="Vendor\googletest\googletest\src">
      <UniqueIdentifier>{02D738D6-EE27-2418-178C-12DA033CB781}</UniqueIdentifier>
    </Filter>
  </ItemGroup>
  <ItemGroup>
    <ClInclude Include="pch.h" />
  </ItemGroup>
  <ItemGroup>
    <ClCompile Include="pch.cpp" />
    <ClCompile Include="test.cpp" />
  </ItemGroup>
</Project>